// !$*UTF8*$!
{
	archiveVersion = 1;
	classes = {
	};
	objectVersion = 51;
	objects = {

/* Begin PBXBuildFile section */
		3F8761AC43AD9C33EA75F9EF /* Pods_Teste_iOS.framework in Frameworks */ = {isa = PBXBuildFile; fileRef = F71083E1F8E00B31ACFFCFEB /* Pods_Teste_iOS.framework */; };
		6B533F3042B847D8D0787BAB /* Pods_Teste_iOSUITests.framework in Frameworks */ = {isa = PBXBuildFile; fileRef = 65DC17A8251A581E90813B53 /* Pods_Teste_iOSUITests.framework */; };
		77C3D55ED3AB5D0DE650A769 /* Pods_Teste_iOSTests.framework in Frameworks */ = {isa = PBXBuildFile; fileRef = 6E231401A75843CB3EC7F5CC /* Pods_Teste_iOSTests.framework */; };
		AA87B44325795C2C00F9BC47 /* DateViewModel.swift in Sources */ = {isa = PBXBuildFile; fileRef = AA87B44225795C2C00F9BC47 /* DateViewModel.swift */; };
		AA87B44C25795D8100F9BC47 /* LocationViewModel.swift in Sources */ = {isa = PBXBuildFile; fileRef = AA87B44B25795D8100F9BC47 /* LocationViewModel.swift */; };
		AA87B45925795EB600F9BC47 /* PriceViewModel.swift in Sources */ = {isa = PBXBuildFile; fileRef = AA87B45825795EB600F9BC47 /* PriceViewModel.swift */; };
		AA87B47525797A0100F9BC47 /* EventViewModel.swift in Sources */ = {isa = PBXBuildFile; fileRef = AA87B47425797A0100F9BC47 /* EventViewModel.swift */; };
		AA87B47A2579A6C200F9BC47 /* EventImageView.swift in Sources */ = {isa = PBXBuildFile; fileRef = AA87B4792579A6C200F9BC47 /* EventImageView.swift */; };
		AA87B47F2579A88100F9BC47 /* EventImageViewModel.swift in Sources */ = {isa = PBXBuildFile; fileRef = AA87B47E2579A88100F9BC47 /* EventImageViewModel.swift */; };
		AAC404712578060D00A72D56 /* AppCoordinator.swift in Sources */ = {isa = PBXBuildFile; fileRef = AAC404702578060D00A72D56 /* AppCoordinator.swift */; };
		AAC404792578062900A72D56 /* CoordinatorProtocol.swift in Sources */ = {isa = PBXBuildFile; fileRef = AAC404782578062900A72D56 /* CoordinatorProtocol.swift */; };
		AAC404822578076F00A72D56 /* DetailViewController.swift in Sources */ = {isa = PBXBuildFile; fileRef = AAC404812578076F00A72D56 /* DetailViewController.swift */; };
		AAC4048C2578093000A72D56 /* Evento.swift in Sources */ = {isa = PBXBuildFile; fileRef = AAC4048B2578093000A72D56 /* Evento.swift */; };
		AAC4049125780D0200A72D56 /* ViewCodeProtocol.swift in Sources */ = {isa = PBXBuildFile; fileRef = AAC4049025780D0200A72D56 /* ViewCodeProtocol.swift */; };
		AAC404AA257811C600A72D56 /* EventViewCell.swift in Sources */ = {isa = PBXBuildFile; fileRef = AAC404A9257811C600A72D56 /* EventViewCell.swift */; };
		AAC404B7257822A400A72D56 /* DetailView.swift in Sources */ = {isa = PBXBuildFile; fileRef = AAC404B6257822A400A72D56 /* DetailView.swift */; };
		AAC404BC257824A700A72D56 /* DateView.swift in Sources */ = {isa = PBXBuildFile; fileRef = AAC404BB257824A700A72D56 /* DateView.swift */; };
		AAC404C12578275A00A72D56 /* LocationView.swift in Sources */ = {isa = PBXBuildFile; fileRef = AAC404C02578275A00A72D56 /* LocationView.swift */; };
		AAC404C6257828D300A72D56 /* PriceView.swift in Sources */ = {isa = PBXBuildFile; fileRef = AAC404C5257828D300A72D56 /* PriceView.swift */; };
		AAC404CB2578444300A72D56 /* DescriptionView.swift in Sources */ = {isa = PBXBuildFile; fileRef = AAC404CA2578444300A72D56 /* DescriptionView.swift */; };
		AAC404D0257851D400A72D56 /* APIService.swift in Sources */ = {isa = PBXBuildFile; fileRef = AAC404CF257851D400A72D56 /* APIService.swift */; };
		AAC404D52578884C00A72D56 /* MainViewModel.swift in Sources */ = {isa = PBXBuildFile; fileRef = AAC404D42578884C00A72D56 /* MainViewModel.swift */; };
		AAC404E02579454300A72D56 /* DetailViewModel.swift in Sources */ = {isa = PBXBuildFile; fileRef = AAC404DF2579454300A72D56 /* DetailViewModel.swift */; };
		AACA6ECB2579F68500448CCB /* CheckInView.swift in Sources */ = {isa = PBXBuildFile; fileRef = AACA6ECA2579F68500448CCB /* CheckInView.swift */; };
		AAF109992576B802001B78EC /* AppDelegate.swift in Sources */ = {isa = PBXBuildFile; fileRef = AAF109982576B802001B78EC /* AppDelegate.swift */; };
		AAF1099B2576B802001B78EC /* SceneDelegate.swift in Sources */ = {isa = PBXBuildFile; fileRef = AAF1099A2576B802001B78EC /* SceneDelegate.swift */; };
		AAF1099D2576B802001B78EC /* MainViewController.swift in Sources */ = {isa = PBXBuildFile; fileRef = AAF1099C2576B802001B78EC /* MainViewController.swift */; };
		AAF109A22576B804001B78EC /* Assets.xcassets in Resources */ = {isa = PBXBuildFile; fileRef = AAF109A12576B804001B78EC /* Assets.xcassets */; };
		AAF109A52576B804001B78EC /* LaunchScreen.storyboard in Resources */ = {isa = PBXBuildFile; fileRef = AAF109A32576B804001B78EC /* LaunchScreen.storyboard */; };
		AAF109B02576B804001B78EC /* Teste_iOSTests.swift in Sources */ = {isa = PBXBuildFile; fileRef = AAF109AF2576B804001B78EC /* Teste_iOSTests.swift */; };
		AAF109BB2576B804001B78EC /* Teste_iOSUITests.swift in Sources */ = {isa = PBXBuildFile; fileRef = AAF109BA2576B804001B78EC /* Teste_iOSUITests.swift */; };
/* End PBXBuildFile section */

/* Begin PBXContainerItemProxy section */
		AAF109AC2576B804001B78EC /* PBXContainerItemProxy */ = {
			isa = PBXContainerItemProxy;
			containerPortal = AAF1098D2576B802001B78EC /* Project object */;
			proxyType = 1;
			remoteGlobalIDString = AAF109942576B802001B78EC;
			remoteInfo = "Teste-iOS";
		};
		AAF109B72576B804001B78EC /* PBXContainerItemProxy */ = {
			isa = PBXContainerItemProxy;
			containerPortal = AAF1098D2576B802001B78EC /* Project object */;
			proxyType = 1;
			remoteGlobalIDString = AAF109942576B802001B78EC;
			remoteInfo = "Teste-iOS";
		};
/* End PBXContainerItemProxy section */

/* Begin PBXFileReference section */
		65DC17A8251A581E90813B53 /* Pods_Teste_iOSUITests.framework */ = {isa = PBXFileReference; explicitFileType = wrapper.framework; includeInIndex = 0; path = Pods_Teste_iOSUITests.framework; sourceTree = BUILT_PRODUCTS_DIR; };
		6E231401A75843CB3EC7F5CC /* Pods_Teste_iOSTests.framework */ = {isa = PBXFileReference; explicitFileType = wrapper.framework; includeInIndex = 0; path = Pods_Teste_iOSTests.framework; sourceTree = BUILT_PRODUCTS_DIR; };
		7EB2F9AA9EDFAFDF1C37ECB0 /* Pods-Teste-iOSUITests.release.xcconfig */ = {isa = PBXFileReference; includeInIndex = 1; lastKnownFileType = text.xcconfig; name = "Pods-Teste-iOSUITests.release.xcconfig"; path = "Target Support Files/Pods-Teste-iOSUITests/Pods-Teste-iOSUITests.release.xcconfig"; sourceTree = "<group>"; };
		88B219769A619487D5F90C42 /* Pods-Teste-iOSUITests.debug.xcconfig */ = {isa = PBXFileReference; includeInIndex = 1; lastKnownFileType = text.xcconfig; name = "Pods-Teste-iOSUITests.debug.xcconfig"; path = "Target Support Files/Pods-Teste-iOSUITests/Pods-Teste-iOSUITests.debug.xcconfig"; sourceTree = "<group>"; };
		9E94A92C6408BFA3517AAF7A /* Pods-Teste-iOSTests.debug.xcconfig */ = {isa = PBXFileReference; includeInIndex = 1; lastKnownFileType = text.xcconfig; name = "Pods-Teste-iOSTests.debug.xcconfig"; path = "Target Support Files/Pods-Teste-iOSTests/Pods-Teste-iOSTests.debug.xcconfig"; sourceTree = "<group>"; };
		A44CC8B88FE8D46422E18795 /* Pods-Teste-iOSTests.release.xcconfig */ = {isa = PBXFileReference; includeInIndex = 1; lastKnownFileType = text.xcconfig; name = "Pods-Teste-iOSTests.release.xcconfig"; path = "Target Support Files/Pods-Teste-iOSTests/Pods-Teste-iOSTests.release.xcconfig"; sourceTree = "<group>"; };
		AA87B44225795C2C00F9BC47 /* DateViewModel.swift */ = {isa = PBXFileReference; lastKnownFileType = sourcecode.swift; path = DateViewModel.swift; sourceTree = "<group>"; };
		AA87B44B25795D8100F9BC47 /* LocationViewModel.swift */ = {isa = PBXFileReference; lastKnownFileType = sourcecode.swift; path = LocationViewModel.swift; sourceTree = "<group>"; };
		AA87B45825795EB600F9BC47 /* PriceViewModel.swift */ = {isa = PBXFileReference; lastKnownFileType = sourcecode.swift; path = PriceViewModel.swift; sourceTree = "<group>"; };
		AA87B47425797A0100F9BC47 /* EventViewModel.swift */ = {isa = PBXFileReference; lastKnownFileType = sourcecode.swift; path = EventViewModel.swift; sourceTree = "<group>"; };
		AA87B4792579A6C200F9BC47 /* EventImageView.swift */ = {isa = PBXFileReference; lastKnownFileType = sourcecode.swift; path = EventImageView.swift; sourceTree = "<group>"; };
		AA87B47E2579A88100F9BC47 /* EventImageViewModel.swift */ = {isa = PBXFileReference; lastKnownFileType = sourcecode.swift; path = EventImageViewModel.swift; sourceTree = "<group>"; };
		AAC404702578060D00A72D56 /* AppCoordinator.swift */ = {isa = PBXFileReference; lastKnownFileType = sourcecode.swift; path = AppCoordinator.swift; sourceTree = "<group>"; };
		AAC404782578062900A72D56 /* CoordinatorProtocol.swift */ = {isa = PBXFileReference; lastKnownFileType = sourcecode.swift; path = CoordinatorProtocol.swift; sourceTree = "<group>"; };
		AAC404812578076F00A72D56 /* DetailViewController.swift */ = {isa = PBXFileReference; lastKnownFileType = sourcecode.swift; path = DetailViewController.swift; sourceTree = "<group>"; };
		AAC4048B2578093000A72D56 /* Evento.swift */ = {isa = PBXFileReference; lastKnownFileType = sourcecode.swift; path = Evento.swift; sourceTree = "<group>"; };
		AAC4049025780D0200A72D56 /* ViewCodeProtocol.swift */ = {isa = PBXFileReference; lastKnownFileType = sourcecode.swift; path = ViewCodeProtocol.swift; sourceTree = "<group>"; };
		AAC404A9257811C600A72D56 /* EventViewCell.swift */ = {isa = PBXFileReference; lastKnownFileType = sourcecode.swift; path = EventViewCell.swift; sourceTree = "<group>"; };
		AAC404B6257822A400A72D56 /* DetailView.swift */ = {isa = PBXFileReference; lastKnownFileType = sourcecode.swift; path = DetailView.swift; sourceTree = "<group>"; };
		AAC404BB257824A700A72D56 /* DateView.swift */ = {isa = PBXFileReference; lastKnownFileType = sourcecode.swift; path = DateView.swift; sourceTree = "<group>"; };
		AAC404C02578275A00A72D56 /* LocationView.swift */ = {isa = PBXFileReference; lastKnownFileType = sourcecode.swift; path = LocationView.swift; sourceTree = "<group>"; };
		AAC404C5257828D300A72D56 /* PriceView.swift */ = {isa = PBXFileReference; lastKnownFileType = sourcecode.swift; path = PriceView.swift; sourceTree = "<group>"; };
		AAC404CA2578444300A72D56 /* DescriptionView.swift */ = {isa = PBXFileReference; lastKnownFileType = sourcecode.swift; path = DescriptionView.swift; sourceTree = "<group>"; };
		AAC404CF257851D400A72D56 /* APIService.swift */ = {isa = PBXFileReference; lastKnownFileType = sourcecode.swift; path = APIService.swift; sourceTree = "<group>"; };
		AAC404D42578884C00A72D56 /* MainViewModel.swift */ = {isa = PBXFileReference; lastKnownFileType = sourcecode.swift; path = MainViewModel.swift; sourceTree = "<group>"; };
		AAC404DF2579454300A72D56 /* DetailViewModel.swift */ = {isa = PBXFileReference; lastKnownFileType = sourcecode.swift; path = DetailViewModel.swift; sourceTree = "<group>"; };
		AACA6ECA2579F68500448CCB /* CheckInView.swift */ = {isa = PBXFileReference; lastKnownFileType = sourcecode.swift; path = CheckInView.swift; sourceTree = "<group>"; };
		AAF109952576B802001B78EC /* Teste-iOS.app */ = {isa = PBXFileReference; explicitFileType = wrapper.application; includeInIndex = 0; path = "Teste-iOS.app"; sourceTree = BUILT_PRODUCTS_DIR; };
		AAF109982576B802001B78EC /* AppDelegate.swift */ = {isa = PBXFileReference; lastKnownFileType = sourcecode.swift; path = AppDelegate.swift; sourceTree = "<group>"; };
		AAF1099A2576B802001B78EC /* SceneDelegate.swift */ = {isa = PBXFileReference; lastKnownFileType = sourcecode.swift; path = SceneDelegate.swift; sourceTree = "<group>"; };
		AAF1099C2576B802001B78EC /* MainViewController.swift */ = {isa = PBXFileReference; lastKnownFileType = sourcecode.swift; path = MainViewController.swift; sourceTree = "<group>"; };
		AAF109A12576B804001B78EC /* Assets.xcassets */ = {isa = PBXFileReference; lastKnownFileType = folder.assetcatalog; path = Assets.xcassets; sourceTree = "<group>"; };
		AAF109A42576B804001B78EC /* Base */ = {isa = PBXFileReference; lastKnownFileType = file.storyboard; name = Base; path = Base.lproj/LaunchScreen.storyboard; sourceTree = "<group>"; };
		AAF109A62576B804001B78EC /* Info.plist */ = {isa = PBXFileReference; lastKnownFileType = text.plist.xml; path = Info.plist; sourceTree = "<group>"; };
		AAF109AB2576B804001B78EC /* Teste-iOSTests.xctest */ = {isa = PBXFileReference; explicitFileType = wrapper.cfbundle; includeInIndex = 0; path = "Teste-iOSTests.xctest"; sourceTree = BUILT_PRODUCTS_DIR; };
		AAF109AF2576B804001B78EC /* Teste_iOSTests.swift */ = {isa = PBXFileReference; lastKnownFileType = sourcecode.swift; path = Teste_iOSTests.swift; sourceTree = "<group>"; };
		AAF109B12576B804001B78EC /* Info.plist */ = {isa = PBXFileReference; lastKnownFileType = text.plist.xml; path = Info.plist; sourceTree = "<group>"; };
		AAF109B62576B804001B78EC /* Teste-iOSUITests.xctest */ = {isa = PBXFileReference; explicitFileType = wrapper.cfbundle; includeInIndex = 0; path = "Teste-iOSUITests.xctest"; sourceTree = BUILT_PRODUCTS_DIR; };
		AAF109BA2576B804001B78EC /* Teste_iOSUITests.swift */ = {isa = PBXFileReference; lastKnownFileType = sourcecode.swift; path = Teste_iOSUITests.swift; sourceTree = "<group>"; };
		AAF109BC2576B804001B78EC /* Info.plist */ = {isa = PBXFileReference; lastKnownFileType = text.plist.xml; path = Info.plist; sourceTree = "<group>"; };
		BBE35433C2121FC7EF360A85 /* Pods-Teste-iOS.debug.xcconfig */ = {isa = PBXFileReference; includeInIndex = 1; lastKnownFileType = text.xcconfig; name = "Pods-Teste-iOS.debug.xcconfig"; path = "Target Support Files/Pods-Teste-iOS/Pods-Teste-iOS.debug.xcconfig"; sourceTree = "<group>"; };
		C0A2DADD79DB5461F987D6F3 /* Pods-Teste-iOS.release.xcconfig */ = {isa = PBXFileReference; includeInIndex = 1; lastKnownFileType = text.xcconfig; name = "Pods-Teste-iOS.release.xcconfig"; path = "Target Support Files/Pods-Teste-iOS/Pods-Teste-iOS.release.xcconfig"; sourceTree = "<group>"; };
		F71083E1F8E00B31ACFFCFEB /* Pods_Teste_iOS.framework */ = {isa = PBXFileReference; explicitFileType = wrapper.framework; includeInIndex = 0; path = Pods_Teste_iOS.framework; sourceTree = BUILT_PRODUCTS_DIR; };
/* End PBXFileReference section */

/* Begin PBXFrameworksBuildPhase section */
		AAF109922576B802001B78EC /* Frameworks */ = {
			isa = PBXFrameworksBuildPhase;
			buildActionMask = 2147483647;
			files = (
				3F8761AC43AD9C33EA75F9EF /* Pods_Teste_iOS.framework in Frameworks */,
			);
			runOnlyForDeploymentPostprocessing = 0;
		};
		AAF109A82576B804001B78EC /* Frameworks */ = {
			isa = PBXFrameworksBuildPhase;
			buildActionMask = 2147483647;
			files = (
				77C3D55ED3AB5D0DE650A769 /* Pods_Teste_iOSTests.framework in Frameworks */,
			);
			runOnlyForDeploymentPostprocessing = 0;
		};
		AAF109B32576B804001B78EC /* Frameworks */ = {
			isa = PBXFrameworksBuildPhase;
			buildActionMask = 2147483647;
			files = (
				6B533F3042B847D8D0787BAB /* Pods_Teste_iOSUITests.framework in Frameworks */,
			);
			runOnlyForDeploymentPostprocessing = 0;
		};
/* End PBXFrameworksBuildPhase section */

/* Begin PBXGroup section */
		68E0D5ED9C5CB173049ACE76 /* Frameworks */ = {
			isa = PBXGroup;
			children = (
				F71083E1F8E00B31ACFFCFEB /* Pods_Teste_iOS.framework */,
				6E231401A75843CB3EC7F5CC /* Pods_Teste_iOSTests.framework */,
				65DC17A8251A581E90813B53 /* Pods_Teste_iOSUITests.framework */,
			);
			name = Frameworks;
			sourceTree = "<group>";
		};
		AAC4047D2578073A00A72D56 /* Coordinator */ = {
			isa = PBXGroup;
			children = (
				AAC404702578060D00A72D56 /* AppCoordinator.swift */,
				AAC404782578062900A72D56 /* CoordinatorProtocol.swift */,
			);
			path = Coordinator;
			sourceTree = "<group>";
		};
		AAC4048A2578092400A72D56 /* Model */ = {
			isa = PBXGroup;
			children = (
				AAC4048B2578093000A72D56 /* Evento.swift */,
			);
			path = Model;
			sourceTree = "<group>";
		};
		AAC4049525780D8000A72D56 /* Support */ = {
			isa = PBXGroup;
			children = (
				AAC4049025780D0200A72D56 /* ViewCodeProtocol.swift */,
				AAC404CF257851D400A72D56 /* APIService.swift */,
			);
			path = Support;
			sourceTree = "<group>";
		};
		AAC404AE2578228B00A72D56 /* Main */ = {
			isa = PBXGroup;
			children = (
				AAC404E82579463200A72D56 /* View */,
				AAC404EC2579463C00A72D56 /* ViewModel */,
			);
			path = Main;
			sourceTree = "<group>";
		};
		AAC404B22578229300A72D56 /* Detail */ = {
			isa = PBXGroup;
			children = (
				AAC404F02579464D00A72D56 /* View */,
				AAC404F42579465F00A72D56 /* ViewModel */,
			);
			path = Detail;
			sourceTree = "<group>";
		};
		AAC404E42579460700A72D56 /* Modules */ = {
			isa = PBXGroup;
			children = (
				AAC404AE2578228B00A72D56 /* Main */,
				AAC404B22578229300A72D56 /* Detail */,
			);
			path = Modules;
			sourceTree = "<group>";
		};
		AAC404E82579463200A72D56 /* View */ = {
			isa = PBXGroup;
			children = (
				AAF1099C2576B802001B78EC /* MainViewController.swift */,
				AAC404A9257811C600A72D56 /* EventViewCell.swift */,
			);
			path = View;
			sourceTree = "<group>";
		};
		AAC404EC2579463C00A72D56 /* ViewModel */ = {
			isa = PBXGroup;
			children = (
				AAC404D42578884C00A72D56 /* MainViewModel.swift */,
				AA87B47425797A0100F9BC47 /* EventViewModel.swift */,
			);
			path = ViewModel;
			sourceTree = "<group>";
		};
		AAC404F02579464D00A72D56 /* View */ = {
			isa = PBXGroup;
			children = (
				AAC404812578076F00A72D56 /* DetailViewController.swift */,
				AAC404B6257822A400A72D56 /* DetailView.swift */,
				AAC404BB257824A700A72D56 /* DateView.swift */,
				AAC404CA2578444300A72D56 /* DescriptionView.swift */,
				AAC404C02578275A00A72D56 /* LocationView.swift */,
				AAC404C5257828D300A72D56 /* PriceView.swift */,
				AA87B4792579A6C200F9BC47 /* EventImageView.swift */,
				AACA6ECA2579F68500448CCB /* CheckInView.swift */,
			);
			path = View;
			sourceTree = "<group>";
		};
		AAC404F42579465F00A72D56 /* ViewModel */ = {
			isa = PBXGroup;
			children = (
				AAC404DF2579454300A72D56 /* DetailViewModel.swift */,
				AA87B44225795C2C00F9BC47 /* DateViewModel.swift */,
				AA87B44B25795D8100F9BC47 /* LocationViewModel.swift */,
				AA87B45825795EB600F9BC47 /* PriceViewModel.swift */,
				AA87B47E2579A88100F9BC47 /* EventImageViewModel.swift */,
			);
			path = ViewModel;
			sourceTree = "<group>";
		};
		AAF1098C2576B802001B78EC = {
			isa = PBXGroup;
			children = (
				AAF109972576B802001B78EC /* Teste-iOS */,
				AAF109AE2576B804001B78EC /* Teste-iOSTests */,
				AAF109B92576B804001B78EC /* Teste-iOSUITests */,
				AAF109962576B802001B78EC /* Products */,
				B926B22D797B4B8525C2B3E7 /* Pods */,
				68E0D5ED9C5CB173049ACE76 /* Frameworks */,
			);
			sourceTree = "<group>";
		};
		AAF109962576B802001B78EC /* Products */ = {
			isa = PBXGroup;
			children = (
				AAF109952576B802001B78EC /* Teste-iOS.app */,
				AAF109AB2576B804001B78EC /* Teste-iOSTests.xctest */,
				AAF109B62576B804001B78EC /* Teste-iOSUITests.xctest */,
			);
			name = Products;
			sourceTree = "<group>";
		};
		AAF109972576B802001B78EC /* Teste-iOS */ = {
			isa = PBXGroup;
			children = (
				AAC4047D2578073A00A72D56 /* Coordinator */,
				AAC4048A2578092400A72D56 /* Model */,
				AAC404E42579460700A72D56 /* Modules */,
				AAC4049525780D8000A72D56 /* Support */,
				AAF109982576B802001B78EC /* AppDelegate.swift */,
				AAF1099A2576B802001B78EC /* SceneDelegate.swift */,
				AAF109A12576B804001B78EC /* Assets.xcassets */,
				AAF109A32576B804001B78EC /* LaunchScreen.storyboard */,
				AAF109A62576B804001B78EC /* Info.plist */,
			);
			path = "Teste-iOS";
			sourceTree = "<group>";
		};
		AAF109AE2576B804001B78EC /* Teste-iOSTests */ = {
			isa = PBXGroup;
			children = (
				AAF109AF2576B804001B78EC /* Teste_iOSTests.swift */,
				AAF109B12576B804001B78EC /* Info.plist */,
			);
			path = "Teste-iOSTests";
			sourceTree = "<group>";
		};
		AAF109B92576B804001B78EC /* Teste-iOSUITests */ = {
			isa = PBXGroup;
			children = (
				AAF109BA2576B804001B78EC /* Teste_iOSUITests.swift */,
				AAF109BC2576B804001B78EC /* Info.plist */,
			);
			path = "Teste-iOSUITests";
			sourceTree = "<group>";
		};
		B926B22D797B4B8525C2B3E7 /* Pods */ = {
			isa = PBXGroup;
			children = (
				BBE35433C2121FC7EF360A85 /* Pods-Teste-iOS.debug.xcconfig */,
				C0A2DADD79DB5461F987D6F3 /* Pods-Teste-iOS.release.xcconfig */,
				9E94A92C6408BFA3517AAF7A /* Pods-Teste-iOSTests.debug.xcconfig */,
				A44CC8B88FE8D46422E18795 /* Pods-Teste-iOSTests.release.xcconfig */,
				88B219769A619487D5F90C42 /* Pods-Teste-iOSUITests.debug.xcconfig */,
				7EB2F9AA9EDFAFDF1C37ECB0 /* Pods-Teste-iOSUITests.release.xcconfig */,
			);
			path = Pods;
			sourceTree = "<group>";
		};
/* End PBXGroup section */

/* Begin PBXNativeTarget section */
		AAF109942576B802001B78EC /* Teste-iOS */ = {
			isa = PBXNativeTarget;
			buildConfigurationList = AAF109BF2576B804001B78EC /* Build configuration list for PBXNativeTarget "Teste-iOS" */;
			buildPhases = (
				E3FAD4EC715C4C37D148D961 /* [CP] Check Pods Manifest.lock */,
				AAF109912576B802001B78EC /* Sources */,
				AAF109922576B802001B78EC /* Frameworks */,
				AAF109932576B802001B78EC /* Resources */,
				BF300058969F25553A8344CA /* [CP] Embed Pods Frameworks */,
			);
			buildRules = (
			);
			dependencies = (
			);
			name = "Teste-iOS";
			productName = "Teste-iOS";
			productReference = AAF109952576B802001B78EC /* Teste-iOS.app */;
			productType = "com.apple.product-type.application";
		};
		AAF109AA2576B804001B78EC /* Teste-iOSTests */ = {
			isa = PBXNativeTarget;
			buildConfigurationList = AAF109C22576B804001B78EC /* Build configuration list for PBXNativeTarget "Teste-iOSTests" */;
			buildPhases = (
				2F311729AC223157AF5761CA /* [CP] Check Pods Manifest.lock */,
				AAF109A72576B804001B78EC /* Sources */,
				AAF109A82576B804001B78EC /* Frameworks */,
				AAF109A92576B804001B78EC /* Resources */,
				D13B2139DACBADD1A9131E21 /* [CP] Embed Pods Frameworks */,
			);
			buildRules = (
			);
			dependencies = (
				AAF109AD2576B804001B78EC /* PBXTargetDependency */,
			);
			name = "Teste-iOSTests";
			productName = "Teste-iOSTests";
			productReference = AAF109AB2576B804001B78EC /* Teste-iOSTests.xctest */;
			productType = "com.apple.product-type.bundle.unit-test";
		};
		AAF109B52576B804001B78EC /* Teste-iOSUITests */ = {
			isa = PBXNativeTarget;
			buildConfigurationList = AAF109C52576B804001B78EC /* Build configuration list for PBXNativeTarget "Teste-iOSUITests" */;
			buildPhases = (
				3DAB8D1879BB9FE2475DD2B1 /* [CP] Check Pods Manifest.lock */,
				AAF109B22576B804001B78EC /* Sources */,
				AAF109B32576B804001B78EC /* Frameworks */,
				AAF109B42576B804001B78EC /* Resources */,
				030B0D1E5C3E49F74F4D091E /* [CP] Embed Pods Frameworks */,
			);
			buildRules = (
			);
			dependencies = (
				AAF109B82576B804001B78EC /* PBXTargetDependency */,
			);
			name = "Teste-iOSUITests";
			productName = "Teste-iOSUITests";
			productReference = AAF109B62576B804001B78EC /* Teste-iOSUITests.xctest */;
			productType = "com.apple.product-type.bundle.ui-testing";
		};
/* End PBXNativeTarget section */

/* Begin PBXProject section */
		AAF1098D2576B802001B78EC /* Project object */ = {
			isa = PBXProject;
			attributes = {
				LastSwiftUpdateCheck = 1220;
				LastUpgradeCheck = 1220;
				TargetAttributes = {
					AAF109942576B802001B78EC = {
						CreatedOnToolsVersion = 12.2;
					};
					AAF109AA2576B804001B78EC = {
						CreatedOnToolsVersion = 12.2;
						TestTargetID = AAF109942576B802001B78EC;
					};
					AAF109B52576B804001B78EC = {
						CreatedOnToolsVersion = 12.2;
						TestTargetID = AAF109942576B802001B78EC;
					};
				};
			};
			buildConfigurationList = AAF109902576B802001B78EC /* Build configuration list for PBXProject "Teste-iOS" */;
			compatibilityVersion = "Xcode 9.3";
			developmentRegion = en;
			hasScannedForEncodings = 0;
			knownRegions = (
				en,
				Base,
			);
			mainGroup = AAF1098C2576B802001B78EC;
			productRefGroup = AAF109962576B802001B78EC /* Products */;
			projectDirPath = "";
			projectRoot = "";
			targets = (
				AAF109942576B802001B78EC /* Teste-iOS */,
				AAF109AA2576B804001B78EC /* Teste-iOSTests */,
				AAF109B52576B804001B78EC /* Teste-iOSUITests */,
			);
		};
/* End PBXProject section */

/* Begin PBXResourcesBuildPhase section */
		AAF109932576B802001B78EC /* Resources */ = {
			isa = PBXResourcesBuildPhase;
			buildActionMask = 2147483647;
			files = (
				AAF109A52576B804001B78EC /* LaunchScreen.storyboard in Resources */,
				AAF109A22576B804001B78EC /* Assets.xcassets in Resources */,
			);
			runOnlyForDeploymentPostprocessing = 0;
		};
		AAF109A92576B804001B78EC /* Resources */ = {
			isa = PBXResourcesBuildPhase;
			buildActionMask = 2147483647;
			files = (
			);
			runOnlyForDeploymentPostprocessing = 0;
		};
		AAF109B42576B804001B78EC /* Resources */ = {
			isa = PBXResourcesBuildPhase;
			buildActionMask = 2147483647;
			files = (
			);
			runOnlyForDeploymentPostprocessing = 0;
		};
/* End PBXResourcesBuildPhase section */

/* Begin PBXShellScriptBuildPhase section */
		030B0D1E5C3E49F74F4D091E /* [CP] Embed Pods Frameworks */ = {
			isa = PBXShellScriptBuildPhase;
			buildActionMask = 2147483647;
			files = (
			);
			inputFileListPaths = (
				"${PODS_ROOT}/Target Support Files/Pods-Teste-iOSUITests/Pods-Teste-iOSUITests-frameworks-${CONFIGURATION}-input-files.xcfilelist",
			);
			name = "[CP] Embed Pods Frameworks";
			outputFileListPaths = (
				"${PODS_ROOT}/Target Support Files/Pods-Teste-iOSUITests/Pods-Teste-iOSUITests-frameworks-${CONFIGURATION}-output-files.xcfilelist",
			);
			runOnlyForDeploymentPostprocessing = 0;
			shellPath = /bin/sh;
			shellScript = "\"${PODS_ROOT}/Target Support Files/Pods-Teste-iOSUITests/Pods-Teste-iOSUITests-frameworks.sh\"\n";
			showEnvVarsInLog = 0;
		};
		2F311729AC223157AF5761CA /* [CP] Check Pods Manifest.lock */ = {
			isa = PBXShellScriptBuildPhase;
			buildActionMask = 2147483647;
			files = (
			);
			inputFileListPaths = (
			);
			inputPaths = (
				"${PODS_PODFILE_DIR_PATH}/Podfile.lock",
				"${PODS_ROOT}/Manifest.lock",
			);
			name = "[CP] Check Pods Manifest.lock";
			outputFileListPaths = (
			);
			outputPaths = (
				"$(DERIVED_FILE_DIR)/Pods-Teste-iOSTests-checkManifestLockResult.txt",
			);
			runOnlyForDeploymentPostprocessing = 0;
			shellPath = /bin/sh;
			shellScript = "diff \"${PODS_PODFILE_DIR_PATH}/Podfile.lock\" \"${PODS_ROOT}/Manifest.lock\" > /dev/null\nif [ $? != 0 ] ; then\n    # print error to STDERR\n    echo \"error: The sandbox is not in sync with the Podfile.lock. Run 'pod install' or update your CocoaPods installation.\" >&2\n    exit 1\nfi\n# This output is used by Xcode 'outputs' to avoid re-running this script phase.\necho \"SUCCESS\" > \"${SCRIPT_OUTPUT_FILE_0}\"\n";
			showEnvVarsInLog = 0;
		};
		3DAB8D1879BB9FE2475DD2B1 /* [CP] Check Pods Manifest.lock */ = {
			isa = PBXShellScriptBuildPhase;
			buildActionMask = 2147483647;
			files = (
			);
			inputFileListPaths = (
			);
			inputPaths = (
				"${PODS_PODFILE_DIR_PATH}/Podfile.lock",
				"${PODS_ROOT}/Manifest.lock",
			);
			name = "[CP] Check Pods Manifest.lock";
			outputFileListPaths = (
			);
			outputPaths = (
				"$(DERIVED_FILE_DIR)/Pods-Teste-iOSUITests-checkManifestLockResult.txt",
			);
			runOnlyForDeploymentPostprocessing = 0;
			shellPath = /bin/sh;
			shellScript = "diff \"${PODS_PODFILE_DIR_PATH}/Podfile.lock\" \"${PODS_ROOT}/Manifest.lock\" > /dev/null\nif [ $? != 0 ] ; then\n    # print error to STDERR\n    echo \"error: The sandbox is not in sync with the Podfile.lock. Run 'pod install' or update your CocoaPods installation.\" >&2\n    exit 1\nfi\n# This output is used by Xcode 'outputs' to avoid re-running this script phase.\necho \"SUCCESS\" > \"${SCRIPT_OUTPUT_FILE_0}\"\n";
			showEnvVarsInLog = 0;
		};
		BF300058969F25553A8344CA /* [CP] Embed Pods Frameworks */ = {
			isa = PBXShellScriptBuildPhase;
			buildActionMask = 2147483647;
			files = (
			);
			inputFileListPaths = (
				"${PODS_ROOT}/Target Support Files/Pods-Teste-iOS/Pods-Teste-iOS-frameworks-${CONFIGURATION}-input-files.xcfilelist",
			);
			name = "[CP] Embed Pods Frameworks";
			outputFileListPaths = (
				"${PODS_ROOT}/Target Support Files/Pods-Teste-iOS/Pods-Teste-iOS-frameworks-${CONFIGURATION}-output-files.xcfilelist",
			);
			runOnlyForDeploymentPostprocessing = 0;
			shellPath = /bin/sh;
			shellScript = "\"${PODS_ROOT}/Target Support Files/Pods-Teste-iOS/Pods-Teste-iOS-frameworks.sh\"\n";
			showEnvVarsInLog = 0;
		};
		D13B2139DACBADD1A9131E21 /* [CP] Embed Pods Frameworks */ = {
			isa = PBXShellScriptBuildPhase;
			buildActionMask = 2147483647;
			files = (
			);
			inputFileListPaths = (
				"${PODS_ROOT}/Target Support Files/Pods-Teste-iOSTests/Pods-Teste-iOSTests-frameworks-${CONFIGURATION}-input-files.xcfilelist",
			);
			name = "[CP] Embed Pods Frameworks";
			outputFileListPaths = (
				"${PODS_ROOT}/Target Support Files/Pods-Teste-iOSTests/Pods-Teste-iOSTests-frameworks-${CONFIGURATION}-output-files.xcfilelist",
			);
			runOnlyForDeploymentPostprocessing = 0;
			shellPath = /bin/sh;
			shellScript = "\"${PODS_ROOT}/Target Support Files/Pods-Teste-iOSTests/Pods-Teste-iOSTests-frameworks.sh\"\n";
			showEnvVarsInLog = 0;
		};
		E3FAD4EC715C4C37D148D961 /* [CP] Check Pods Manifest.lock */ = {
			isa = PBXShellScriptBuildPhase;
			buildActionMask = 2147483647;
			files = (
			);
			inputFileListPaths = (
			);
			inputPaths = (
				"${PODS_PODFILE_DIR_PATH}/Podfile.lock",
				"${PODS_ROOT}/Manifest.lock",
			);
			name = "[CP] Check Pods Manifest.lock";
			outputFileListPaths = (
			);
			outputPaths = (
				"$(DERIVED_FILE_DIR)/Pods-Teste-iOS-checkManifestLockResult.txt",
			);
			runOnlyForDeploymentPostprocessing = 0;
			shellPath = /bin/sh;
			shellScript = "diff \"${PODS_PODFILE_DIR_PATH}/Podfile.lock\" \"${PODS_ROOT}/Manifest.lock\" > /dev/null\nif [ $? != 0 ] ; then\n    # print error to STDERR\n    echo \"error: The sandbox is not in sync with the Podfile.lock. Run 'pod install' or update your CocoaPods installation.\" >&2\n    exit 1\nfi\n# This output is used by Xcode 'outputs' to avoid re-running this script phase.\necho \"SUCCESS\" > \"${SCRIPT_OUTPUT_FILE_0}\"\n";
			showEnvVarsInLog = 0;
		};
/* End PBXShellScriptBuildPhase section */

/* Begin PBXSourcesBuildPhase section */
		AAF109912576B802001B78EC /* Sources */ = {
			isa = PBXSourcesBuildPhase;
			buildActionMask = 2147483647;
			files = (
				AAC404E02579454300A72D56 /* DetailViewModel.swift in Sources */,
				AAC404C12578275A00A72D56 /* LocationView.swift in Sources */,
				AAC404712578060D00A72D56 /* AppCoordinator.swift in Sources */,
				AA87B44C25795D8100F9BC47 /* LocationViewModel.swift in Sources */,
				AAC404AA257811C600A72D56 /* EventViewCell.swift in Sources */,
				AA87B47F2579A88100F9BC47 /* EventImageViewModel.swift in Sources */,
				AAC4049125780D0200A72D56 /* ViewCodeProtocol.swift in Sources */,
				AAF1099D2576B802001B78EC /* MainViewController.swift in Sources */,
				AA87B44325795C2C00F9BC47 /* DateViewModel.swift in Sources */,
				AAC404D0257851D400A72D56 /* APIService.swift in Sources */,
				AAC404B7257822A400A72D56 /* DetailView.swift in Sources */,
				AA87B45925795EB600F9BC47 /* PriceViewModel.swift in Sources */,
				AAC404D52578884C00A72D56 /* MainViewModel.swift in Sources */,
				AAC404BC257824A700A72D56 /* DateView.swift in Sources */,
				AAC404C6257828D300A72D56 /* PriceView.swift in Sources */,
				AAC404CB2578444300A72D56 /* DescriptionView.swift in Sources */,
				AAC404792578062900A72D56 /* CoordinatorProtocol.swift in Sources */,
				AAC404822578076F00A72D56 /* DetailViewController.swift in Sources */,
				AA87B47A2579A6C200F9BC47 /* EventImageView.swift in Sources */,
				AAF109992576B802001B78EC /* AppDelegate.swift in Sources */,
				AACA6ECB2579F68500448CCB /* CheckInView.swift in Sources */,
				AAC4048C2578093000A72D56 /* Evento.swift in Sources */,
				AA87B47525797A0100F9BC47 /* EventViewModel.swift in Sources */,
				AAF1099B2576B802001B78EC /* SceneDelegate.swift in Sources */,
			);
			runOnlyForDeploymentPostprocessing = 0;
		};
		AAF109A72576B804001B78EC /* Sources */ = {
			isa = PBXSourcesBuildPhase;
			buildActionMask = 2147483647;
			files = (
				AAF109B02576B804001B78EC /* Teste_iOSTests.swift in Sources */,
			);
			runOnlyForDeploymentPostprocessing = 0;
		};
		AAF109B22576B804001B78EC /* Sources */ = {
			isa = PBXSourcesBuildPhase;
			buildActionMask = 2147483647;
			files = (
				AAF109BB2576B804001B78EC /* Teste_iOSUITests.swift in Sources */,
			);
			runOnlyForDeploymentPostprocessing = 0;
		};
/* End PBXSourcesBuildPhase section */

/* Begin PBXTargetDependency section */
		AAF109AD2576B804001B78EC /* PBXTargetDependency */ = {
			isa = PBXTargetDependency;
			target = AAF109942576B802001B78EC /* Teste-iOS */;
			targetProxy = AAF109AC2576B804001B78EC /* PBXContainerItemProxy */;
		};
		AAF109B82576B804001B78EC /* PBXTargetDependency */ = {
			isa = PBXTargetDependency;
			target = AAF109942576B802001B78EC /* Teste-iOS */;
			targetProxy = AAF109B72576B804001B78EC /* PBXContainerItemProxy */;
		};
/* End PBXTargetDependency section */

/* Begin PBXVariantGroup section */
		AAF109A32576B804001B78EC /* LaunchScreen.storyboard */ = {
			isa = PBXVariantGroup;
			children = (
				AAF109A42576B804001B78EC /* Base */,
			);
			name = LaunchScreen.storyboard;
			sourceTree = "<group>";
		};
/* End PBXVariantGroup section */

/* Begin XCBuildConfiguration section */
		AAF109BD2576B804001B78EC /* Debug */ = {
			isa = XCBuildConfiguration;
			buildSettings = {
				ALWAYS_SEARCH_USER_PATHS = NO;
				CLANG_ANALYZER_NONNULL = YES;
				CLANG_ANALYZER_NUMBER_OBJECT_CONVERSION = YES_AGGRESSIVE;
				CLANG_CXX_LANGUAGE_STANDARD = "gnu++14";
				CLANG_CXX_LIBRARY = "libc++";
				CLANG_ENABLE_MODULES = YES;
				CLANG_ENABLE_OBJC_ARC = YES;
				CLANG_ENABLE_OBJC_WEAK = YES;
				CLANG_WARN_BLOCK_CAPTURE_AUTORELEASING = YES;
				CLANG_WARN_BOOL_CONVERSION = YES;
				CLANG_WARN_COMMA = YES;
				CLANG_WARN_CONSTANT_CONVERSION = YES;
				CLANG_WARN_DEPRECATED_OBJC_IMPLEMENTATIONS = YES;
				CLANG_WARN_DIRECT_OBJC_ISA_USAGE = YES_ERROR;
				CLANG_WARN_DOCUMENTATION_COMMENTS = YES;
				CLANG_WARN_EMPTY_BODY = YES;
				CLANG_WARN_ENUM_CONVERSION = YES;
				CLANG_WARN_INFINITE_RECURSION = YES;
				CLANG_WARN_INT_CONVERSION = YES;
				CLANG_WARN_NON_LITERAL_NULL_CONVERSION = YES;
				CLANG_WARN_OBJC_IMPLICIT_RETAIN_SELF = YES;
				CLANG_WARN_OBJC_LITERAL_CONVERSION = YES;
				CLANG_WARN_OBJC_ROOT_CLASS = YES_ERROR;
				CLANG_WARN_QUOTED_INCLUDE_IN_FRAMEWORK_HEADER = YES;
				CLANG_WARN_RANGE_LOOP_ANALYSIS = YES;
				CLANG_WARN_STRICT_PROTOTYPES = YES;
				CLANG_WARN_SUSPICIOUS_MOVE = YES;
				CLANG_WARN_UNGUARDED_AVAILABILITY = YES_AGGRESSIVE;
				CLANG_WARN_UNREACHABLE_CODE = YES;
				CLANG_WARN__DUPLICATE_METHOD_MATCH = YES;
				COPY_PHASE_STRIP = NO;
				DEBUG_INFORMATION_FORMAT = dwarf;
				ENABLE_STRICT_OBJC_MSGSEND = YES;
				ENABLE_TESTABILITY = YES;
				GCC_C_LANGUAGE_STANDARD = gnu11;
				GCC_DYNAMIC_NO_PIC = NO;
				GCC_NO_COMMON_BLOCKS = YES;
				GCC_OPTIMIZATION_LEVEL = 0;
				GCC_PREPROCESSOR_DEFINITIONS = (
					"DEBUG=1",
					"$(inherited)",
				);
				GCC_WARN_64_TO_32_BIT_CONVERSION = YES;
				GCC_WARN_ABOUT_RETURN_TYPE = YES_ERROR;
				GCC_WARN_UNDECLARED_SELECTOR = YES;
				GCC_WARN_UNINITIALIZED_AUTOS = YES_AGGRESSIVE;
				GCC_WARN_UNUSED_FUNCTION = YES;
				GCC_WARN_UNUSED_VARIABLE = YES;
				IPHONEOS_DEPLOYMENT_TARGET = 14.2;
				MTL_ENABLE_DEBUG_INFO = INCLUDE_SOURCE;
				MTL_FAST_MATH = YES;
				ONLY_ACTIVE_ARCH = YES;
				SDKROOT = iphoneos;
				SWIFT_ACTIVE_COMPILATION_CONDITIONS = DEBUG;
				SWIFT_OPTIMIZATION_LEVEL = "-Onone";
			};
			name = Debug;
		};
		AAF109BE2576B804001B78EC /* Release */ = {
			isa = XCBuildConfiguration;
			buildSettings = {
				ALWAYS_SEARCH_USER_PATHS = NO;
				CLANG_ANALYZER_NONNULL = YES;
				CLANG_ANALYZER_NUMBER_OBJECT_CONVERSION = YES_AGGRESSIVE;
				CLANG_CXX_LANGUAGE_STANDARD = "gnu++14";
				CLANG_CXX_LIBRARY = "libc++";
				CLANG_ENABLE_MODULES = YES;
				CLANG_ENABLE_OBJC_ARC = YES;
				CLANG_ENABLE_OBJC_WEAK = YES;
				CLANG_WARN_BLOCK_CAPTURE_AUTORELEASING = YES;
				CLANG_WARN_BOOL_CONVERSION = YES;
				CLANG_WARN_COMMA = YES;
				CLANG_WARN_CONSTANT_CONVERSION = YES;
				CLANG_WARN_DEPRECATED_OBJC_IMPLEMENTATIONS = YES;
				CLANG_WARN_DIRECT_OBJC_ISA_USAGE = YES_ERROR;
				CLANG_WARN_DOCUMENTATION_COMMENTS = YES;
				CLANG_WARN_EMPTY_BODY = YES;
				CLANG_WARN_ENUM_CONVERSION = YES;
				CLANG_WARN_INFINITE_RECURSION = YES;
				CLANG_WARN_INT_CONVERSION = YES;
				CLANG_WARN_NON_LITERAL_NULL_CONVERSION = YES;
				CLANG_WARN_OBJC_IMPLICIT_RETAIN_SELF = YES;
				CLANG_WARN_OBJC_LITERAL_CONVERSION = YES;
				CLANG_WARN_OBJC_ROOT_CLASS = YES_ERROR;
				CLANG_WARN_QUOTED_INCLUDE_IN_FRAMEWORK_HEADER = YES;
				CLANG_WARN_RANGE_LOOP_ANALYSIS = YES;
				CLANG_WARN_STRICT_PROTOTYPES = YES;
				CLANG_WARN_SUSPICIOUS_MOVE = YES;
				CLANG_WARN_UNGUARDED_AVAILABILITY = YES_AGGRESSIVE;
				CLANG_WARN_UNREACHABLE_CODE = YES;
				CLANG_WARN__DUPLICATE_METHOD_MATCH = YES;
				COPY_PHASE_STRIP = NO;
				DEBUG_INFORMATION_FORMAT = "dwarf-with-dsym";
				ENABLE_NS_ASSERTIONS = NO;
				ENABLE_STRICT_OBJC_MSGSEND = YES;
				GCC_C_LANGUAGE_STANDARD = gnu11;
				GCC_NO_COMMON_BLOCKS = YES;
				GCC_WARN_64_TO_32_BIT_CONVERSION = YES;
				GCC_WARN_ABOUT_RETURN_TYPE = YES_ERROR;
				GCC_WARN_UNDECLARED_SELECTOR = YES;
				GCC_WARN_UNINITIALIZED_AUTOS = YES_AGGRESSIVE;
				GCC_WARN_UNUSED_FUNCTION = YES;
				GCC_WARN_UNUSED_VARIABLE = YES;
				IPHONEOS_DEPLOYMENT_TARGET = 14.2;
				MTL_ENABLE_DEBUG_INFO = NO;
				MTL_FAST_MATH = YES;
				SDKROOT = iphoneos;
				SWIFT_COMPILATION_MODE = wholemodule;
				SWIFT_OPTIMIZATION_LEVEL = "-O";
				VALIDATE_PRODUCT = YES;
			};
			name = Release;
		};
		AAF109C02576B804001B78EC /* Debug */ = {
			isa = XCBuildConfiguration;
			baseConfigurationReference = BBE35433C2121FC7EF360A85 /* Pods-Teste-iOS.debug.xcconfig */;
			buildSettings = {
				ASSETCATALOG_COMPILER_APPICON_NAME = AppIcon;
				ASSETCATALOG_COMPILER_GLOBAL_ACCENT_COLOR_NAME = AccentColor;
				CODE_SIGN_STYLE = Automatic;
				DEVELOPMENT_TEAM = V4HVD5P383;
				INFOPLIST_FILE = "Teste-iOS/Info.plist";
				LD_RUNPATH_SEARCH_PATHS = (
					"$(inherited)",
					"@executable_path/Frameworks",
				);
				PRODUCT_BUNDLE_IDENTIFIER = "abf.Teste-iOS";
				PRODUCT_NAME = "$(TARGET_NAME)";
				SWIFT_VERSION = 5.0;
				TARGETED_DEVICE_FAMILY = "1,2";
			};
			name = Debug;
		};
		AAF109C12576B804001B78EC /* Release */ = {
			isa = XCBuildConfiguration;
			baseConfigurationReference = C0A2DADD79DB5461F987D6F3 /* Pods-Teste-iOS.release.xcconfig */;
			buildSettings = {
				ASSETCATALOG_COMPILER_APPICON_NAME = AppIcon;
				ASSETCATALOG_COMPILER_GLOBAL_ACCENT_COLOR_NAME = AccentColor;
				CODE_SIGN_STYLE = Automatic;
				DEVELOPMENT_TEAM = V4HVD5P383;
				INFOPLIST_FILE = "Teste-iOS/Info.plist";
				LD_RUNPATH_SEARCH_PATHS = (
					"$(inherited)",
					"@executable_path/Frameworks",
				);
				PRODUCT_BUNDLE_IDENTIFIER = "abf.Teste-iOS";
				PRODUCT_NAME = "$(TARGET_NAME)";
				SWIFT_VERSION = 5.0;
				TARGETED_DEVICE_FAMILY = "1,2";
			};
			name = Release;
		};
		AAF109C32576B804001B78EC /* Debug */ = {
			isa = XCBuildConfiguration;
			baseConfigurationReference = 9E94A92C6408BFA3517AAF7A /* Pods-Teste-iOSTests.debug.xcconfig */;
			buildSettings = {
				BUNDLE_LOADER = "$(TEST_HOST)";
				"CODE_SIGN_IDENTITY[sdk=macosx*]" = "Apple Development";
				CODE_SIGN_STYLE = Automatic;
				DEVELOPMENT_TEAM = V4HVD5P383;
				INFOPLIST_FILE = "Teste-iOSTests/Info.plist";
				IPHONEOS_DEPLOYMENT_TARGET = 14.2;
				LD_RUNPATH_SEARCH_PATHS = (
					"$(inherited)",
					"@executable_path/Frameworks",
					"@loader_path/Frameworks",
				);
				PRODUCT_BUNDLE_IDENTIFIER = "abf.Teste-iOSTests";
				PRODUCT_NAME = "$(TARGET_NAME)";
				SWIFT_VERSION = 5.0;
				TARGETED_DEVICE_FAMILY = "1,2";
				TEST_HOST = "$(BUILT_PRODUCTS_DIR)/Teste-iOS.app/Teste-iOS";
			};
			name = Debug;
		};
		AAF109C42576B804001B78EC /* Release */ = {
			isa = XCBuildConfiguration;
			baseConfigurationReference = A44CC8B88FE8D46422E18795 /* Pods-Teste-iOSTests.release.xcconfig */;
			buildSettings = {
				BUNDLE_LOADER = "$(TEST_HOST)";
				"CODE_SIGN_IDENTITY[sdk=macosx*]" = "Apple Development";
				CODE_SIGN_STYLE = Automatic;
				DEVELOPMENT_TEAM = V4HVD5P383;
				INFOPLIST_FILE = "Teste-iOSTests/Info.plist";
				IPHONEOS_DEPLOYMENT_TARGET = 14.2;
				LD_RUNPATH_SEARCH_PATHS = (
					"$(inherited)",
					"@executable_path/Frameworks",
					"@loader_path/Frameworks",
				);
				PRODUCT_BUNDLE_IDENTIFIER = "abf.Teste-iOSTests";
				PRODUCT_NAME = "$(TARGET_NAME)";
				SWIFT_VERSION = 5.0;
				TARGETED_DEVICE_FAMILY = "1,2";
				TEST_HOST = "$(BUILT_PRODUCTS_DIR)/Teste-iOS.app/Teste-iOS";
			};
			name = Release;
		};
		AAF109C62576B804001B78EC /* Debug */ = {
			isa = XCBuildConfiguration;
			baseConfigurationReference = 88B219769A619487D5F90C42 /* Pods-Teste-iOSUITests.debug.xcconfig */;
			buildSettings = {
				CODE_SIGN_STYLE = Automatic;
				DEVELOPMENT_TEAM = V4HVD5P383;
				INFOPLIST_FILE = "Teste-iOSUITests/Info.plist";
				LD_RUNPATH_SEARCH_PATHS = (
					"$(inherited)",
					"@executable_path/Frameworks",
					"@loader_path/Frameworks",
				);
				PRODUCT_BUNDLE_IDENTIFIER = "abf.Teste-iOSUITests";
				PRODUCT_NAME = "$(TARGET_NAME)";
				SWIFT_VERSION = 5.0;
				TARGETED_DEVICE_FAMILY = "1,2";
				TEST_TARGET_NAME = "Teste-iOS";
			};
			name = Debug;
		};
		AAF109C72576B804001B78EC /* Release */ = {
			isa = XCBuildConfiguration;
			baseConfigurationReference = 7EB2F9AA9EDFAFDF1C37ECB0 /* Pods-Teste-iOSUITests.release.xcconfig */;
			buildSettings = {
				CODE_SIGN_STYLE = Automatic;
				DEVELOPMENT_TEAM = V4HVD5P383;
				INFOPLIST_FILE = "Teste-iOSUITests/Info.plist";
				LD_RUNPATH_SEARCH_PATHS = (
					"$(inherited)",
					"@executable_path/Frameworks",
					"@loader_path/Frameworks",
				);
				PRODUCT_BUNDLE_IDENTIFIER = "abf.Teste-iOSUITests";
				PRODUCT_NAME = "$(TARGET_NAME)";
				SWIFT_VERSION = 5.0;
				TARGETED_DEVICE_FAMILY = "1,2";
				TEST_TARGET_NAME = "Teste-iOS";
			};
			name = Release;
		};
/* End XCBuildConfiguration section */

/* Begin XCConfigurationList section */
		AAF109902576B802001B78EC /* Build configuration list for PBXProject "Teste-iOS" */ = {
			isa = XCConfigurationList;
			buildConfigurations = (
				AAF109BD2576B804001B78EC /* Debug */,
				AAF109BE2576B804001B78EC /* Release */,
			);
			defaultConfigurationIsVisible = 0;
			defaultConfigurationName = Release;
		};
		AAF109BF2576B804001B78EC /* Build configuration list for PBXNativeTarget "Teste-iOS" */ = {
			isa = XCConfigurationList;
			buildConfigurations = (
				AAF109C02576B804001B78EC /* Debug */,
				AAF109C12576B804001B78EC /* Release */,
			);
			defaultConfigurationIsVisible = 0;
			defaultConfigurationName = Release;
		};
		AAF109C22576B804001B78EC /* Build configuration list for PBXNativeTarget "Teste-iOSTests" */ = {
			isa = XCConfigurationList;
			buildConfigurations = (
				AAF109C32576B804001B78EC /* Debug */,
				AAF109C42576B804001B78EC /* Release */,
			);
			defaultConfigurationIsVisible = 0;
			defaultConfigurationName = Release;
		};
		AAF109C52576B804001B78EC /* Build configuration list for PBXNativeTarget "Teste-iOSUITests" */ = {
			isa = XCConfigurationList;
			buildConfigurations = (
				AAF109C62576B804001B78EC /* Debug */,
				AAF109C72576B804001B78EC /* Release */,
			);
			defaultConfigurationIsVisible = 0;
			defaultConfigurationName = Release;
		};
/* End XCConfigurationList section */
	};
	rootObject = AAF1098D2576B802001B78EC /* Project object */;
}
